---
lockVersion: 1.0.0
dependencies:
  codeql/controlflow:
    version: 2.0.19
  codeql/cpp-all:
    version: 6.1.0
  codeql/cpp-queries:
    version: 1.5.4
  codeql/dataflow:
    version: 2.0.19
  codeql/mad:
    version: 1.0.35
  codeql/quantum:
    version: 0.0.13
  codeql/rangeanalysis:
    version: 1.0.35
  codeql/ssa:
    version: 2.0.11
  codeql/suite-helpers:
    version: 1.0.35
  codeql/tutorial:
    version: 1.0.35
  codeql/typeflow:
    version: 1.0.35
  codeql/typetracking:
    version: 2.0.19
  codeql/util:
    version: 2.0.22
  codeql/xml:
    version: 1.0.35
compiled: false
